
Microsoft Visual Studio Solution File, Format Version 12.00
# Visual Studio Version 17
VisualStudioVersion = 17.14.36511.14
MinimumVisualStudioVersion = 10.0.40219.1
Project("{FAE04EC0-301F-11D3-BF4B-00C04F79EFBC}") = "COMPANY_SUPPLIER.MVC", "COMPANY_SUPPLIER.MVC\COMPANY_SUPPLIER.MVC.csproj", "{31992215-199F-4979-A648-19AB3CC6B0F3}"
EndProject
Project("{2150E333-8FDC-42A3-9474-1A3956D46DE8}") = "1. Presentation", "1. Presentation", "{02EA681E-C7D8-13C7-8484-4AC65E1B71E8}"
EndProject
Project("{2150E333-8FDC-42A3-9474-1A3956D46DE8}") = "2. Application", "2. Application", "{4BA57535-0F9D-4BC5-82A0-4E1A153B1198}"
EndProject
Project("{2150E333-8FDC-42A3-9474-1A3956D46DE8}") = "3. Domain", "3. Domain", "{3B28C91F-71F9-4E37-BE42-6BD0A77508F9}"
EndProject
Project("{2150E333-8FDC-42A3-9474-1A3956D46DE8}") = "4. Infrastructure", "4. Infrastructure", "{966A4EBC-3403-42E0-B555-4C5BF114C303}"
EndProject
Project("{FAE04EC0-301F-11D3-BF4B-00C04F79EFBC}") = "COMPANY_SUPPLIER.APP", "COMPANY_SUPPLIER.APP\COMPANY_SUPPLIER.APP.csproj", "{A1C17CC3-B5DD-43D4-A827-D06CFADA4925}"
EndProject
Project("{FAE04EC0-301F-11D3-BF4B-00C04F79EFBC}") = "COMPANY_SUPPLIER.DOM", "COMPANY_SUPPLIER.DOM\COMPANY_SUPPLIER.DOM.csproj", "{A3E60FF2-9005-49FE-8197-ED7C2025DAE8}"
EndProject
Project("{FAE04EC0-301F-11D3-BF4B-00C04F79EFBC}") = "COMPANY_SUPPLIER.INF", "COMPANY_SUPPLIER.INF\COMPANY_SUPPLIER.INF.csproj", "{3B438100-FFE2-CF54-B600-4B63FA7B08AC}"
EndProject
Global
	GlobalSection(SolutionConfigurationPlatforms) = preSolution
		Debug|Any CPU = Debug|Any CPU
		Release|Any CPU = Release|Any CPU
	EndGlobalSection
	GlobalSection(ProjectConfigurationPlatforms) = postSolution
		{31992215-199F-4979-A648-19AB3CC6B0F3}.Debug|Any CPU.ActiveCfg = Debug|Any CPU
		{31992215-199F-4979-A648-19AB3CC6B0F3}.Debug|Any CPU.Build.0 = Debug|Any CPU
		{31992215-199F-4979-A648-19AB3CC6B0F3}.Release|Any CPU.ActiveCfg = Release|Any CPU
		{31992215-199F-4979-A648-19AB3CC6B0F3}.Release|Any CPU.Build.0 = Release|Any CPU
		{A1C17CC3-B5DD-43D4-A827-D06CFADA4925}.Debug|Any CPU.ActiveCfg = Debug|Any CPU
		{A1C17CC3-B5DD-43D4-A827-D06CFADA4925}.Debug|Any CPU.Build.0 = Debug|Any CPU
		{A1C17CC3-B5DD-43D4-A827-D06CFADA4925}.Release|Any CPU.ActiveCfg = Release|Any CPU
		{A1C17CC3-B5DD-43D4-A827-D06CFADA4925}.Release|Any CPU.Build.0 = Release|Any CPU
		{A3E60FF2-9005-49FE-8197-ED7C2025DAE8}.Debug|Any CPU.ActiveCfg = Debug|Any CPU
		{A3E60FF2-9005-49FE-8197-ED7C2025DAE8}.Debug|Any CPU.Build.0 = Debug|Any CPU
		{A3E60FF2-9005-49FE-8197-ED7C2025DAE8}.Release|Any CPU.ActiveCfg = Release|Any CPU
		{A3E60FF2-9005-49FE-8197-ED7C2025DAE8}.Release|Any CPU.Build.0 = Release|Any CPU
		{3B438100-FFE2-CF54-B600-4B63FA7B08AC}.Debug|Any CPU.ActiveCfg = Debug|Any CPU
		{3B438100-FFE2-CF54-B600-4B63FA7B08AC}.Debug|Any CPU.Build.0 = Debug|Any CPU
		{3B438100-FFE2-CF54-B600-4B63FA7B08AC}.Release|Any CPU.ActiveCfg = Release|Any CPU
		{3B438100-FFE2-CF54-B600-4B63FA7B08AC}.Release|Any CPU.Build.0 = Release|Any CPU
	EndGlobalSection
	GlobalSection(SolutionProperties) = preSolution
		HideSolutionNode = FALSE
	EndGlobalSection
	GlobalSection(NestedProjects) = preSolution
		{31992215-199F-4979-A648-19AB3CC6B0F3} = {02EA681E-C7D8-13C7-8484-4AC65E1B71E8}
		{A1C17CC3-B5DD-43D4-A827-D06CFADA4925} = {4BA57535-0F9D-4BC5-82A0-4E1A153B1198}
		{A3E60FF2-9005-49FE-8197-ED7C2025DAE8} = {3B28C91F-71F9-4E37-BE42-6BD0A77508F9}
		{3B438100-FFE2-CF54-B600-4B63FA7B08AC} = {966A4EBC-3403-42E0-B555-4C5BF114C303}
	EndGlobalSection
	GlobalSection(ExtensibilityGlobals) = postSolution
		SolutionGuid = {4132701A-5578-4DB3-9FB7-8AF38A99A22D}
	EndGlobalSection
EndGlobal
